
Microsoft Visual Studio Solution File, Format Version 12.00
# Visual Studio Version 17
VisualStudioVersion = 17.14.36811.4 d17.14
MinimumVisualStudioVersion = 10.0.40219.1
Project("{FAE04EC0-301F-11D3-BF4B-00C04F79EFBC}") = "DbFirstSampleApi", "DbFirstSampleApi\DbFirstSampleApi.csproj", "{FFD98848-5725-4D0A-A7B0-33C950607753}"
EndProject
Global
	GlobalSection(SolutionConfigurationPlatforms) = preSolution
		Debug|Any CPU = Debug|Any CPU
		Release|Any CPU = Release|Any CPU
	EndGlobalSection
	GlobalSection(ProjectConfigurationPlatforms) = postSolution
		{FFD98848-5725-4D0A-A7B0-33C950607753}.Debug|Any CPU.ActiveCfg = Debug|Any CPU
		{FFD98848-5725-4D0A-A7B0-33C950607753}.Debug|Any CPU.Build.0 = Debug|Any CPU
		{FFD98848-5725-4D0A-A7B0-33C950607753}.Release|Any CPU.ActiveCfg = Release|Any CPU
		{FFD98848-5725-4D0A-A7B0-33C950607753}.Release|Any CPU.Build.0 = Release|Any CPU
	EndGlobalSection
	GlobalSection(SolutionProperties) = preSolution
		HideSolutionNode = FALSE
	EndGlobalSection
	GlobalSection(ExtensibilityGlobals) = postSolution
		SolutionGuid = {28A56AA1-BEC2-47D2-B040-6EFDB7EB97EB}
	EndGlobalSection
EndGlobal
